
Microsoft Visual Studio Solution File, Format Version 12.00
# Visual Studio Version 16
VisualStudioVersion = 16.0.31321.278
MinimumVisualStudioVersion = 10.0.40219.1
Project("{FAE04EC0-301F-11D3-BF4B-00C04F79EFBC}") = "UEProjectRefresh", "UEProjectRefresh\UEProjectRefresh.csproj", "{7ED28952-1C1A-409B-AD61-6E1D29264BAC}"
EndProject
Global
	GlobalSection(SolutionConfigurationPlatforms) = preSolution
		Debug|Any CPU = Debug|Any CPU
		Release|Any CPU = Release|Any CPU
	EndGlobalSection
	GlobalSection(ProjectConfigurationPlatforms) = postSolution
		{7ED28952-1C1A-409B-AD61-6E1D29264BAC}.Debug|Any CPU.ActiveCfg = Debug|Any CPU
		{7ED28952-1C1A-409B-AD61-6E1D29264BAC}.Debug|Any CPU.Build.0 = Debug|Any CPU
		{7ED28952-1C1A-409B-AD61-6E1D29264BAC}.Release|Any CPU.ActiveCfg = Release|Any CPU
		{7ED28952-1C1A-409B-AD61-6E1D29264BAC}.Release|Any CPU.Build.0 = Release|Any CPU
	EndGlobalSection
	GlobalSection(SolutionProperties) = preSolution
		HideSolutionNode = FALSE
	EndGlobalSection
	GlobalSection(ExtensibilityGlobals) = postSolution
		SolutionGuid = {441C659D-4776-421F-8BF1-F76617F25909}
	EndGlobalSection
EndGlobal
